{
  "name": "hacksore",
  "version": "0.0.7",
  "lockfileVersion": 3,
  "requires": true,
  "packages": {
    "": {
      "name": "hacksore",
      "version": "0.0.7",
      "license": "MIT",
      "dependencies": {
        "picocolors": "^1.0.0"
      },
      "bin": {
        "hacksore": "scripts/bin.js"
      },
      "engines": {
        "node": ">=14.0.0"
      }
    },
    "node_modules/picocolors": {
      "version": "1.0.0",
      "resolved": "https://registry.npmjs.org/picocolors/-/picocolors-1.0.0.tgz",
      "integrity": "sha512-1fygroTLlHu66zi26VoTDv8yRgm0Fccecssto+MhsZ0D/DGW2sm8E8AjW7NU5VVTRt5GxbeZ5qBuJr+HyLYkjQ==",
      "license": "ISC"
    }
  }
}
