# THIS IS AN AUTOGENERATED FILE. DO NOT EDIT THIS FILE DIRECTLY.
# yarn lockfile v1


postinstall-postinstall@^2.1.0:
  version "2.1.0"
  resolved "https://registry.yarnpkg.com/postinstall-postinstall/-/postinstall-postinstall-2.1.0.tgz#4f7f77441ef539d1512c40bd04c71b06a4704ca3"
  integrity sha512-7hQX6ZlZXIoRiWNrbMQaLzUUfH+sSx39u8EJ9HYuDc1kLo9IXKWjM5RSquZN1ad5GnH8CGFM78fsAAQi3OKEEQ==
